
Microsoft Visual Studio Solution File, Format Version 12.00
# Visual Studio Version 16
VisualStudioVersion = 16.0.30011.22
MinimumVisualStudioVersion = 10.0.40219.1
Project("{FAE04EC0-301F-11D3-BF4B-00C04F79EFBC}") = "lTumilovichProductEF", "lTumilovichProductEF\lTumilovichProductEF.csproj", "{68B06473-79FB-4B59-AE9C-7C4E1FD4A60F}"
EndProject
Global
	GlobalSection(SolutionConfigurationPlatforms) = preSolution
		Debug|Any CPU = Debug|Any CPU
		Release|Any CPU = Release|Any CPU
	EndGlobalSection
	GlobalSection(ProjectConfigurationPlatforms) = postSolution
		{68B06473-79FB-4B59-AE9C-7C4E1FD4A60F}.Debug|Any CPU.ActiveCfg = Debug|Any CPU
		{68B06473-79FB-4B59-AE9C-7C4E1FD4A60F}.Debug|Any CPU.Build.0 = Debug|Any CPU
		{68B06473-79FB-4B59-AE9C-7C4E1FD4A60F}.Release|Any CPU.ActiveCfg = Release|Any CPU
		{68B06473-79FB-4B59-AE9C-7C4E1FD4A60F}.Release|Any CPU.Build.0 = Release|Any CPU
	EndGlobalSection
	GlobalSection(SolutionProperties) = preSolution
		HideSolutionNode = FALSE
	EndGlobalSection
	GlobalSection(ExtensibilityGlobals) = postSolution
		SolutionGuid = {A0392710-749F-4FE6-98E4-195D52549463}
	EndGlobalSection
EndGlobal
